
Microsoft Visual Studio Solution File, Format Version 12.00
# Visual Studio Version 16
VisualStudioVersion = 16.0.29020.237
MinimumVisualStudioVersion = 10.0.40219.1
Project("{FAE04EC0-301F-11D3-BF4B-00C04F79EFBC}") = "MyRoulette", "MyRoulette\MyRoulette.csproj", "{2CA57232-A43E-4115-9CF1-2DC68BBB6833}"
EndProject
Project("{FAE04EC0-301F-11D3-BF4B-00C04F79EFBC}") = "Roulette Game", "Roulette Game\Roulette Game.csproj", "{5ABCF3A8-9CF4-4E35-B82D-45A208D88735}"
EndProject
Global
	GlobalSection(SolutionConfigurationPlatforms) = preSolution
		Debug|Any CPU = Debug|Any CPU
		Release|Any CPU = Release|Any CPU
	EndGlobalSection
	GlobalSection(ProjectConfigurationPlatforms) = postSolution
		{2CA57232-A43E-4115-9CF1-2DC68BBB6833}.Debug|Any CPU.ActiveCfg = Debug|Any CPU
		{2CA57232-A43E-4115-9CF1-2DC68BBB6833}.Debug|Any CPU.Build.0 = Debug|Any CPU
		{2CA57232-A43E-4115-9CF1-2DC68BBB6833}.Release|Any CPU.ActiveCfg = Release|Any CPU
		{2CA57232-A43E-4115-9CF1-2DC68BBB6833}.Release|Any CPU.Build.0 = Release|Any CPU
		{5ABCF3A8-9CF4-4E35-B82D-45A208D88735}.Debug|Any CPU.ActiveCfg = Debug|Any CPU
		{5ABCF3A8-9CF4-4E35-B82D-45A208D88735}.Debug|Any CPU.Build.0 = Debug|Any CPU
		{5ABCF3A8-9CF4-4E35-B82D-45A208D88735}.Release|Any CPU.ActiveCfg = Release|Any CPU
		{5ABCF3A8-9CF4-4E35-B82D-45A208D88735}.Release|Any CPU.Build.0 = Release|Any CPU
	EndGlobalSection
	GlobalSection(SolutionProperties) = preSolution
		HideSolutionNode = FALSE
	EndGlobalSection
	GlobalSection(ExtensibilityGlobals) = postSolution
		SolutionGuid = {02878C83-597D-4E79-8673-0F4E03FA26AB}
	EndGlobalSection
EndGlobal
